// !$*UTF8*$!
{
	archiveVersion = 1;
	classes = {
	};
	objectVersion = 46;
	objects = {

/* Begin PBXAggregateTarget section */
		"Thoth::ThothPackageTests::ProductTarget" /* ThothPackageTests */ = {
			isa = PBXAggregateTarget;
			buildConfigurationList = OBJ_31 /* Build configuration list for PBXAggregateTarget "ThothPackageTests" */;
			buildPhases = (
			);
			dependencies = (
				OBJ_34 /* PBXTargetDependency */,
			);
			name = ThothPackageTests;
			productName = ThothPackageTests;
		};
/* End PBXAggregateTarget section */

/* Begin PBXBuildFile section */
		39F57E112799C0940060FC1D /* PaddedLabel.swift in Sources */ = {isa = PBXBuildFile; fileRef = 39F57E102799C0940060FC1D /* PaddedLabel.swift */; };
		BF78A89527BCA7A00083AEC8 /* PersistenceManager.swift in Sources */ = {isa = PBXBuildFile; fileRef = BF78A89427BCA7A00083AEC8 /* PersistenceManager.swift */; };
		BF78A89727BCA8370083AEC8 /* Thoth+Loopable.swift in Sources */ = {isa = PBXBuildFile; fileRef = BF78A89627BCA8370083AEC8 /* Thoth+Loopable.swift */; };
		BF90099527C604A5005C7A7B /* ScrollStackView.swift in Sources */ = {isa = PBXBuildFile; fileRef = BF90099427C604A5005C7A7B /* ScrollStackView.swift */; };
		BFB7C0AD277996FD005778B0 /* Thoth+NSObject.swift in Sources */ = {isa = PBXBuildFile; fileRef = BFB7C0AC277996FD005778B0 /* Thoth+NSObject.swift */; };
		BFC285B527C36600003C4ADA /* AppDelegate.swift in Sources */ = {isa = PBXBuildFile; fileRef = BFC285B427C36600003C4ADA /* AppDelegate.swift */; };
		BFC285B727C36600003C4ADA /* SceneDelegate.swift in Sources */ = {isa = PBXBuildFile; fileRef = BFC285B627C36600003C4ADA /* SceneDelegate.swift */; };
		BFC285B927C36600003C4ADA /* ViewController.swift in Sources */ = {isa = PBXBuildFile; fileRef = BFC285B827C36600003C4ADA /* ViewController.swift */; };
		BFC285BE27C36602003C4ADA /* Assets.xcassets in Resources */ = {isa = PBXBuildFile; fileRef = BFC285BD27C36602003C4ADA /* Assets.xcassets */; };
		BFC285C127C36602003C4ADA /* LaunchScreen.storyboard in Resources */ = {isa = PBXBuildFile; fileRef = BFC285BF27C36602003C4ADA /* LaunchScreen.storyboard */; };
		BFC285CC27C36603003C4ADA /* SampleTests.swift in Sources */ = {isa = PBXBuildFile; fileRef = BFC285CB27C36603003C4ADA /* SampleTests.swift */; };
		BFC285D627C36603003C4ADA /* SampleUITests.swift in Sources */ = {isa = PBXBuildFile; fileRef = BFC285D527C36603003C4ADA /* SampleUITests.swift */; };
		BFC285D827C36603003C4ADA /* SampleUITestsLaunchTests.swift in Sources */ = {isa = PBXBuildFile; fileRef = BFC285D727C36603003C4ADA /* SampleUITestsLaunchTests.swift */; };
		BFC285E327C36952003C4ADA /* Thoth.framework in Frameworks */ = {isa = PBXBuildFile; fileRef = "Thoth::Thoth::Product" /* Thoth.framework */; };
		BFC285E427C36952003C4ADA /* Thoth.framework in Embed Frameworks */ = {isa = PBXBuildFile; fileRef = "Thoth::Thoth::Product" /* Thoth.framework */; settings = {ATTRIBUTES = (CodeSignOnCopy, RemoveHeadersOnCopy, ); }; };
		BFC285E927C37118003C4ADA /* TrackControlEvent.swift in Sources */ = {isa = PBXBuildFile; fileRef = BFC285E827C37118003C4ADA /* TrackControlEvent.swift */; };
		BFF5C27A277ECB2C00D5260F /* Thoth+UITableView.swift in Sources */ = {isa = PBXBuildFile; fileRef = BFF5C279277ECB2C00D5260F /* Thoth+UITableView.swift */; };
		BFF5C27C277ED48400D5260F /* Thoth+IndexPath.swift in Sources */ = {isa = PBXBuildFile; fileRef = BFF5C27B277ED48400D5260F /* Thoth+IndexPath.swift */; };
		BFF71A7027706B4600FF352F /* (null) in Sources */ = {isa = PBXBuildFile; };
		BFF71A7227706BFD00FF352F /* Thoth+CGSize.swift in Sources */ = {isa = PBXBuildFile; fileRef = BFF71A7127706BFD00FF352F /* Thoth+CGSize.swift */; };
		BFF71A7627707FEA00FF352F /* Thoth+NSMutableAttributedString.swift in Sources */ = {isa = PBXBuildFile; fileRef = BFF71A7527707FEA00FF352F /* Thoth+NSMutableAttributedString.swift */; };
		BFF71A782770824000FF352F /* Thoth+UIAlertController.swift in Sources */ = {isa = PBXBuildFile; fileRef = BFF71A772770824000FF352F /* Thoth+UIAlertController.swift */; };
		BFF71A7A27716B1100FF352F /* Thoth+UIViewController.swift in Sources */ = {isa = PBXBuildFile; fileRef = BFF71A7927716B1100FF352F /* Thoth+UIViewController.swift */; };
		BFF71A7C27716B7200FF352F /* Thoth+UITextField.swift in Sources */ = {isa = PBXBuildFile; fileRef = BFF71A7B27716B7200FF352F /* Thoth+UITextField.swift */; };
		BFF71A7E27716E2100FF352F /* Thoth+UIImage.swift in Sources */ = {isa = PBXBuildFile; fileRef = BFF71A7D27716E2100FF352F /* Thoth+UIImage.swift */; };
		BFF71A8027716FB400FF352F /* Thoth+UIButton.swift in Sources */ = {isa = PBXBuildFile; fileRef = BFF71A7F27716FB400FF352F /* Thoth+UIButton.swift */; };
		BFF71A822771709800FF352F /* Thoth+UIScreen.swift in Sources */ = {isa = PBXBuildFile; fileRef = BFF71A812771709800FF352F /* Thoth+UIScreen.swift */; };
		BFF71A842771716400FF352F /* Thoth+Debug.swift in Sources */ = {isa = PBXBuildFile; fileRef = BFF71A832771716400FF352F /* Thoth+Debug.swift */; };
		BFF71A86277172C100FF352F /* Thoth+UIWindow.swift in Sources */ = {isa = PBXBuildFile; fileRef = BFF71A85277172C100FF352F /* Thoth+UIWindow.swift */; };
		BFF71A88277173FD00FF352F /* Thoth+Array.swift in Sources */ = {isa = PBXBuildFile; fileRef = BFF71A87277173FD00FF352F /* Thoth+Array.swift */; };
		BFF71A8A2771743C00FF352F /* Thoth+Collection.swift in Sources */ = {isa = PBXBuildFile; fileRef = BFF71A892771743C00FF352F /* Thoth+Collection.swift */; };
		BFF71A8C2771745800FF352F /* Thoth+Time.swift in Sources */ = {isa = PBXBuildFile; fileRef = BFF71A8B2771745800FF352F /* Thoth+Time.swift */; };
		BFF71A8E2771755B00FF352F /* Thoth+UIStackView.swift in Sources */ = {isa = PBXBuildFile; fileRef = BFF71A8D2771755B00FF352F /* Thoth+UIStackView.swift */; };
		BFF71A90277175F300FF352F /* Thoth+Int.swift in Sources */ = {isa = PBXBuildFile; fileRef = BFF71A8F277175F300FF352F /* Thoth+Int.swift */; };
		BFF71A922771766500FF352F /* Thoth+CALayer.swift in Sources */ = {isa = PBXBuildFile; fileRef = BFF71A912771766500FF352F /* Thoth+CALayer.swift */; };
		BFF71A94277176E600FF352F /* Thoth+Dictionary.swift in Sources */ = {isa = PBXBuildFile; fileRef = BFF71A93277176E600FF352F /* Thoth+Dictionary.swift */; };
		BFF71A962771784900FF352F /* Thoth+UIColor.swift in Sources */ = {isa = PBXBuildFile; fileRef = BFF71A952771784900FF352F /* Thoth+UIColor.swift */; };
		BFF71A9827717A7F00FF352F /* Thoth+URL.swift in Sources */ = {isa = PBXBuildFile; fileRef = BFF71A9727717A7F00FF352F /* Thoth+URL.swift */; };
		BFF71A9A27717AC800FF352F /* Thoth+String.swift in Sources */ = {isa = PBXBuildFile; fileRef = BFF71A9927717AC800FF352F /* Thoth+String.swift */; };
		BFF71A9C27717E0B00FF352F /* Thoth+Date.swift in Sources */ = {isa = PBXBuildFile; fileRef = BFF71A9B27717E0B00FF352F /* Thoth+Date.swift */; };
		BFF71A9E2771802D00FF352F /* Thoth+WKWebView.swift in Sources */ = {isa = PBXBuildFile; fileRef = BFF71A9D2771802D00FF352F /* Thoth+WKWebView.swift */; };
		BFF71AA02771817900FF352F /* Thoth+UINavigationBar.swift in Sources */ = {isa = PBXBuildFile; fileRef = BFF71A9F2771817900FF352F /* Thoth+UINavigationBar.swift */; };
		BFF71AA2277181C400FF352F /* Thoth+UIApplication.swift in Sources */ = {isa = PBXBuildFile; fileRef = BFF71AA1277181C400FF352F /* Thoth+UIApplication.swift */; };
		BFF71AA42771821500FF352F /* Thoth+UITextView.swift in Sources */ = {isa = PBXBuildFile; fileRef = BFF71AA32771821500FF352F /* Thoth+UITextView.swift */; };
		BFF71AA62771825000FF352F /* Thoth+UITableViewCell.swift in Sources */ = {isa = PBXBuildFile; fileRef = BFF71AA52771825000FF352F /* Thoth+UITableViewCell.swift */; };
		BFF71AA8277182C200FF352F /* Thoth+PHAsset.swift in Sources */ = {isa = PBXBuildFile; fileRef = BFF71AA7277182C200FF352F /* Thoth+PHAsset.swift */; };
		BFF71AAA2771832800FF352F /* Thoth+UIEdgeInsets.swift in Sources */ = {isa = PBXBuildFile; fileRef = BFF71AA92771832800FF352F /* Thoth+UIEdgeInsets.swift */; };
		BFF71AAC2771835900FF352F /* Thoth+UIFont.swift in Sources */ = {isa = PBXBuildFile; fileRef = BFF71AAB2771835900FF352F /* Thoth+UIFont.swift */; };
		OBJ_22 /* Thoth.swift in Sources */ = {isa = PBXBuildFile; fileRef = OBJ_9 /* Thoth.swift */; };
		OBJ_29 /* Package.swift in Sources */ = {isa = PBXBuildFile; fileRef = OBJ_6 /* Package.swift */; };
		OBJ_40 /* ThothTests.swift in Sources */ = {isa = PBXBuildFile; fileRef = OBJ_12 /* ThothTests.swift */; };
		OBJ_42 /* Thoth.framework in Frameworks */ = {isa = PBXBuildFile; fileRef = "Thoth::Thoth::Product" /* Thoth.framework */; };
/* End PBXBuildFile section */

/* Begin PBXContainerItemProxy section */
		BFC285C827C36602003C4ADA /* PBXContainerItemProxy */ = {
			isa = PBXContainerItemProxy;
			containerPortal = OBJ_1 /* Project object */;
			proxyType = 1;
			remoteGlobalIDString = BFC285B127C36600003C4ADA;
			remoteInfo = Sample;
		};
		BFC285D227C36603003C4ADA /* PBXContainerItemProxy */ = {
			isa = PBXContainerItemProxy;
			containerPortal = OBJ_1 /* Project object */;
			proxyType = 1;
			remoteGlobalIDString = BFC285B127C36600003C4ADA;
			remoteInfo = Sample;
		};
		BFC285E527C36952003C4ADA /* PBXContainerItemProxy */ = {
			isa = PBXContainerItemProxy;
			containerPortal = OBJ_1 /* Project object */;
			proxyType = 1;
			remoteGlobalIDString = "Thoth::Thoth";
			remoteInfo = Thoth;
		};
		BFF71A6D27706A9300FF352F /* PBXContainerItemProxy */ = {
			isa = PBXContainerItemProxy;
			containerPortal = OBJ_1 /* Project object */;
			proxyType = 1;
			remoteGlobalIDString = "Thoth::Thoth";
			remoteInfo = Thoth;
		};
		BFF71A6E27706A9400FF352F /* PBXContainerItemProxy */ = {
			isa = PBXContainerItemProxy;
			containerPortal = OBJ_1 /* Project object */;
			proxyType = 1;
			remoteGlobalIDString = "Thoth::ThothTests";
			remoteInfo = ThothTests;
		};
/* End PBXContainerItemProxy section */

/* Begin PBXCopyFilesBuildPhase section */
		BFC285E727C36952003C4ADA /* Embed Frameworks */ = {
			isa = PBXCopyFilesBuildPhase;
			buildActionMask = 2147483647;
			dstPath = "";
			dstSubfolderSpec = 10;
			files = (
				BFC285E427C36952003C4ADA /* Thoth.framework in Embed Frameworks */,
			);
			name = "Embed Frameworks";
			runOnlyForDeploymentPostprocessing = 0;
		};
/* End PBXCopyFilesBuildPhase section */

/* Begin PBXFileReference section */
		39F57E102799C0940060FC1D /* PaddedLabel.swift */ = {isa = PBXFileReference; lastKnownFileType = sourcecode.swift; path = PaddedLabel.swift; sourceTree = "<group>"; };
		BF78A89427BCA7A00083AEC8 /* PersistenceManager.swift */ = {isa = PBXFileReference; lastKnownFileType = sourcecode.swift; path = PersistenceManager.swift; sourceTree = "<group>"; };
		BF78A89627BCA8370083AEC8 /* Thoth+Loopable.swift */ = {isa = PBXFileReference; lastKnownFileType = sourcecode.swift; path = "Thoth+Loopable.swift"; sourceTree = "<group>"; };
		BF90099427C604A5005C7A7B /* ScrollStackView.swift */ = {isa = PBXFileReference; lastKnownFileType = sourcecode.swift; path = ScrollStackView.swift; sourceTree = "<group>"; };
		BFB7C0AC277996FD005778B0 /* Thoth+NSObject.swift */ = {isa = PBXFileReference; lastKnownFileType = sourcecode.swift; path = "Thoth+NSObject.swift"; sourceTree = "<group>"; };
		BFC285B227C36600003C4ADA /* Sample.app */ = {isa = PBXFileReference; explicitFileType = wrapper.application; includeInIndex = 0; path = Sample.app; sourceTree = BUILT_PRODUCTS_DIR; };
		BFC285B427C36600003C4ADA /* AppDelegate.swift */ = {isa = PBXFileReference; lastKnownFileType = sourcecode.swift; path = AppDelegate.swift; sourceTree = "<group>"; };
		BFC285B627C36600003C4ADA /* SceneDelegate.swift */ = {isa = PBXFileReference; lastKnownFileType = sourcecode.swift; path = SceneDelegate.swift; sourceTree = "<group>"; };
		BFC285B827C36600003C4ADA /* ViewController.swift */ = {isa = PBXFileReference; lastKnownFileType = sourcecode.swift; path = ViewController.swift; sourceTree = "<group>"; };
		BFC285BD27C36602003C4ADA /* Assets.xcassets */ = {isa = PBXFileReference; lastKnownFileType = folder.assetcatalog; path = Assets.xcassets; sourceTree = "<group>"; };
		BFC285C027C36602003C4ADA /* Base */ = {isa = PBXFileReference; lastKnownFileType = file.storyboard; name = Base; path = Base.lproj/LaunchScreen.storyboard; sourceTree = "<group>"; };
		BFC285C227C36602003C4ADA /* Info.plist */ = {isa = PBXFileReference; lastKnownFileType = text.plist.xml; path = Info.plist; sourceTree = "<group>"; };
		BFC285C727C36602003C4ADA /* SampleTests.xctest */ = {isa = PBXFileReference; explicitFileType = wrapper.cfbundle; includeInIndex = 0; path = SampleTests.xctest; sourceTree = BUILT_PRODUCTS_DIR; };
		BFC285CB27C36603003C4ADA /* SampleTests.swift */ = {isa = PBXFileReference; lastKnownFileType = sourcecode.swift; path = SampleTests.swift; sourceTree = "<group>"; };
		BFC285D127C36603003C4ADA /* SampleUITests.xctest */ = {isa = PBXFileReference; explicitFileType = wrapper.cfbundle; includeInIndex = 0; path = SampleUITests.xctest; sourceTree = BUILT_PRODUCTS_DIR; };
		BFC285D527C36603003C4ADA /* SampleUITests.swift */ = {isa = PBXFileReference; lastKnownFileType = sourcecode.swift; path = SampleUITests.swift; sourceTree = "<group>"; };
		BFC285D727C36603003C4ADA /* SampleUITestsLaunchTests.swift */ = {isa = PBXFileReference; lastKnownFileType = sourcecode.swift; path = SampleUITestsLaunchTests.swift; sourceTree = "<group>"; };
		BFC285E827C37118003C4ADA /* TrackControlEvent.swift */ = {isa = PBXFileReference; lastKnownFileType = sourcecode.swift; path = TrackControlEvent.swift; sourceTree = "<group>"; };
		BFF5C279277ECB2C00D5260F /* Thoth+UITableView.swift */ = {isa = PBXFileReference; lastKnownFileType = sourcecode.swift; path = "Thoth+UITableView.swift"; sourceTree = "<group>"; };
		BFF5C27B277ED48400D5260F /* Thoth+IndexPath.swift */ = {isa = PBXFileReference; lastKnownFileType = sourcecode.swift; path = "Thoth+IndexPath.swift"; sourceTree = "<group>"; };
		BFF71A7127706BFD00FF352F /* Thoth+CGSize.swift */ = {isa = PBXFileReference; lastKnownFileType = sourcecode.swift; path = "Thoth+CGSize.swift"; sourceTree = "<group>"; };
		BFF71A7527707FEA00FF352F /* Thoth+NSMutableAttributedString.swift */ = {isa = PBXFileReference; lastKnownFileType = sourcecode.swift; path = "Thoth+NSMutableAttributedString.swift"; sourceTree = "<group>"; };
		BFF71A772770824000FF352F /* Thoth+UIAlertController.swift */ = {isa = PBXFileReference; lastKnownFileType = sourcecode.swift; path = "Thoth+UIAlertController.swift"; sourceTree = "<group>"; };
		BFF71A7927716B1100FF352F /* Thoth+UIViewController.swift */ = {isa = PBXFileReference; lastKnownFileType = sourcecode.swift; path = "Thoth+UIViewController.swift"; sourceTree = "<group>"; };
		BFF71A7B27716B7200FF352F /* Thoth+UITextField.swift */ = {isa = PBXFileReference; lastKnownFileType = sourcecode.swift; path = "Thoth+UITextField.swift"; sourceTree = "<group>"; };
		BFF71A7D27716E2100FF352F /* Thoth+UIImage.swift */ = {isa = PBXFileReference; lastKnownFileType = sourcecode.swift; path = "Thoth+UIImage.swift"; sourceTree = "<group>"; };
		BFF71A7F27716FB400FF352F /* Thoth+UIButton.swift */ = {isa = PBXFileReference; lastKnownFileType = sourcecode.swift; path = "Thoth+UIButton.swift"; sourceTree = "<group>"; };
		BFF71A812771709800FF352F /* Thoth+UIScreen.swift */ = {isa = PBXFileReference; lastKnownFileType = sourcecode.swift; path = "Thoth+UIScreen.swift"; sourceTree = "<group>"; };
		BFF71A832771716400FF352F /* Thoth+Debug.swift */ = {isa = PBXFileReference; lastKnownFileType = sourcecode.swift; path = "Thoth+Debug.swift"; sourceTree = "<group>"; };
		BFF71A85277172C100FF352F /* Thoth+UIWindow.swift */ = {isa = PBXFileReference; lastKnownFileType = sourcecode.swift; path = "Thoth+UIWindow.swift"; sourceTree = "<group>"; };
		BFF71A87277173FD00FF352F /* Thoth+Array.swift */ = {isa = PBXFileReference; lastKnownFileType = sourcecode.swift; path = "Thoth+Array.swift"; sourceTree = "<group>"; };
		BFF71A892771743C00FF352F /* Thoth+Collection.swift */ = {isa = PBXFileReference; lastKnownFileType = sourcecode.swift; path = "Thoth+Collection.swift"; sourceTree = "<group>"; };
		BFF71A8B2771745800FF352F /* Thoth+Time.swift */ = {isa = PBXFileReference; lastKnownFileType = sourcecode.swift; path = "Thoth+Time.swift"; sourceTree = "<group>"; };
		BFF71A8D2771755B00FF352F /* Thoth+UIStackView.swift */ = {isa = PBXFileReference; lastKnownFileType = sourcecode.swift; path = "Thoth+UIStackView.swift"; sourceTree = "<group>"; };
		BFF71A8F277175F300FF352F /* Thoth+Int.swift */ = {isa = PBXFileReference; lastKnownFileType = sourcecode.swift; path = "Thoth+Int.swift"; sourceTree = "<group>"; };
		BFF71A912771766500FF352F /* Thoth+CALayer.swift */ = {isa = PBXFileReference; lastKnownFileType = sourcecode.swift; path = "Thoth+CALayer.swift"; sourceTree = "<group>"; };
		BFF71A93277176E600FF352F /* Thoth+Dictionary.swift */ = {isa = PBXFileReference; lastKnownFileType = sourcecode.swift; path = "Thoth+Dictionary.swift"; sourceTree = "<group>"; };
		BFF71A952771784900FF352F /* Thoth+UIColor.swift */ = {isa = PBXFileReference; lastKnownFileType = sourcecode.swift; path = "Thoth+UIColor.swift"; sourceTree = "<group>"; };
		BFF71A9727717A7F00FF352F /* Thoth+URL.swift */ = {isa = PBXFileReference; lastKnownFileType = sourcecode.swift; path = "Thoth+URL.swift"; sourceTree = "<group>"; };
		BFF71A9927717AC800FF352F /* Thoth+String.swift */ = {isa = PBXFileReference; lastKnownFileType = sourcecode.swift; path = "Thoth+String.swift"; sourceTree = "<group>"; };
		BFF71A9B27717E0B00FF352F /* Thoth+Date.swift */ = {isa = PBXFileReference; lastKnownFileType = sourcecode.swift; path = "Thoth+Date.swift"; sourceTree = "<group>"; };
		BFF71A9D2771802D00FF352F /* Thoth+WKWebView.swift */ = {isa = PBXFileReference; lastKnownFileType = sourcecode.swift; path = "Thoth+WKWebView.swift"; sourceTree = "<group>"; };
		BFF71A9F2771817900FF352F /* Thoth+UINavigationBar.swift */ = {isa = PBXFileReference; lastKnownFileType = sourcecode.swift; path = "Thoth+UINavigationBar.swift"; sourceTree = "<group>"; };
		BFF71AA1277181C400FF352F /* Thoth+UIApplication.swift */ = {isa = PBXFileReference; lastKnownFileType = sourcecode.swift; path = "Thoth+UIApplication.swift"; sourceTree = "<group>"; };
		BFF71AA32771821500FF352F /* Thoth+UITextView.swift */ = {isa = PBXFileReference; lastKnownFileType = sourcecode.swift; path = "Thoth+UITextView.swift"; sourceTree = "<group>"; };
		BFF71AA52771825000FF352F /* Thoth+UITableViewCell.swift */ = {isa = PBXFileReference; lastKnownFileType = sourcecode.swift; path = "Thoth+UITableViewCell.swift"; sourceTree = "<group>"; };
		BFF71AA7277182C200FF352F /* Thoth+PHAsset.swift */ = {isa = PBXFileReference; lastKnownFileType = sourcecode.swift; path = "Thoth+PHAsset.swift"; sourceTree = "<group>"; };
		BFF71AA92771832800FF352F /* Thoth+UIEdgeInsets.swift */ = {isa = PBXFileReference; lastKnownFileType = sourcecode.swift; path = "Thoth+UIEdgeInsets.swift"; sourceTree = "<group>"; };
		BFF71AAB2771835900FF352F /* Thoth+UIFont.swift */ = {isa = PBXFileReference; lastKnownFileType = sourcecode.swift; path = "Thoth+UIFont.swift"; sourceTree = "<group>"; };
		OBJ_12 /* ThothTests.swift */ = {isa = PBXFileReference; lastKnownFileType = sourcecode.swift; path = ThothTests.swift; sourceTree = "<group>"; };
		OBJ_16 /* README.md */ = {isa = PBXFileReference; lastKnownFileType = net.daringfireball.markdown; path = README.md; sourceTree = "<group>"; };
		OBJ_6 /* Package.swift */ = {isa = PBXFileReference; explicitFileType = sourcecode.swift; path = Package.swift; sourceTree = "<group>"; };
		OBJ_9 /* Thoth.swift */ = {isa = PBXFileReference; lastKnownFileType = sourcecode.swift; path = Thoth.swift; sourceTree = "<group>"; };
		"Thoth::Thoth::Product" /* Thoth.framework */ = {isa = PBXFileReference; lastKnownFileType = wrapper.framework; path = Thoth.framework; sourceTree = BUILT_PRODUCTS_DIR; };
		"Thoth::ThothTests::Product" /* ThothTests.xctest */ = {isa = PBXFileReference; lastKnownFileType = file; path = ThothTests.xctest; sourceTree = BUILT_PRODUCTS_DIR; };
/* End PBXFileReference section */

/* Begin PBXFrameworksBuildPhase section */
		BFC285AF27C36600003C4ADA /* Frameworks */ = {
			isa = PBXFrameworksBuildPhase;
			buildActionMask = 2147483647;
			files = (
				BFC285E327C36952003C4ADA /* Thoth.framework in Frameworks */,
			);
			runOnlyForDeploymentPostprocessing = 0;
		};
		BFC285C427C36602003C4ADA /* Frameworks */ = {
			isa = PBXFrameworksBuildPhase;
			buildActionMask = 2147483647;
			files = (
			);
			runOnlyForDeploymentPostprocessing = 0;
		};
		BFC285CE27C36603003C4ADA /* Frameworks */ = {
			isa = PBXFrameworksBuildPhase;
			buildActionMask = 2147483647;
			files = (
			);
			runOnlyForDeploymentPostprocessing = 0;
		};
		OBJ_23 /* Frameworks */ = {
			isa = PBXFrameworksBuildPhase;
			buildActionMask = 0;
			files = (
			);
			runOnlyForDeploymentPostprocessing = 0;
		};
		OBJ_41 /* Frameworks */ = {
			isa = PBXFrameworksBuildPhase;
			buildActionMask = 0;
			files = (
				OBJ_42 /* Thoth.framework in Frameworks */,
			);
			runOnlyForDeploymentPostprocessing = 0;
		};
/* End PBXFrameworksBuildPhase section */

/* Begin PBXGroup section */
		BF90099627C605AE005C7A7B /* extensions */ = {
			isa = PBXGroup;
			children = (
				BFF71A87277173FD00FF352F /* Thoth+Array.swift */,
				BFF71A912771766500FF352F /* Thoth+CALayer.swift */,
				BFF71A7127706BFD00FF352F /* Thoth+CGSize.swift */,
				BFF71A892771743C00FF352F /* Thoth+Collection.swift */,
				BFF71A9B27717E0B00FF352F /* Thoth+Date.swift */,
				BFF71A832771716400FF352F /* Thoth+Debug.swift */,
				BFF71A93277176E600FF352F /* Thoth+Dictionary.swift */,
				BFF5C27B277ED48400D5260F /* Thoth+IndexPath.swift */,
				BFF71A8F277175F300FF352F /* Thoth+Int.swift */,
				BF78A89627BCA8370083AEC8 /* Thoth+Loopable.swift */,
				BFF71A7527707FEA00FF352F /* Thoth+NSMutableAttributedString.swift */,
				BFB7C0AC277996FD005778B0 /* Thoth+NSObject.swift */,
				BFF71AA7277182C200FF352F /* Thoth+PHAsset.swift */,
				BFF71A9927717AC800FF352F /* Thoth+String.swift */,
				BFF71A8B2771745800FF352F /* Thoth+Time.swift */,
				BFF71A772770824000FF352F /* Thoth+UIAlertController.swift */,
				BFF71AA1277181C400FF352F /* Thoth+UIApplication.swift */,
				BFF71A7F27716FB400FF352F /* Thoth+UIButton.swift */,
				BFF71A952771784900FF352F /* Thoth+UIColor.swift */,
				BFF71AA92771832800FF352F /* Thoth+UIEdgeInsets.swift */,
				BFF71AAB2771835900FF352F /* Thoth+UIFont.swift */,
				BFF71A7D27716E2100FF352F /* Thoth+UIImage.swift */,
				BFF71A9F2771817900FF352F /* Thoth+UINavigationBar.swift */,
				BFF71A812771709800FF352F /* Thoth+UIScreen.swift */,
				BFF71A8D2771755B00FF352F /* Thoth+UIStackView.swift */,
				BFF5C279277ECB2C00D5260F /* Thoth+UITableView.swift */,
				BFF71AA52771825000FF352F /* Thoth+UITableViewCell.swift */,
				BFF71A7B27716B7200FF352F /* Thoth+UITextField.swift */,
				BFF71AA32771821500FF352F /* Thoth+UITextView.swift */,
				BFF71A7927716B1100FF352F /* Thoth+UIViewController.swift */,
				BFF71A85277172C100FF352F /* Thoth+UIWindow.swift */,
				BFF71A9727717A7F00FF352F /* Thoth+URL.swift */,
				BFF71A9D2771802D00FF352F /* Thoth+WKWebView.swift */,
			);
			path = extensions;
			sourceTree = "<group>";
		};
		BFC285B327C36600003C4ADA /* Sample */ = {
			isa = PBXGroup;
			children = (
				BFC285B427C36600003C4ADA /* AppDelegate.swift */,
				BFC285B627C36600003C4ADA /* SceneDelegate.swift */,
				BFC285B827C36600003C4ADA /* ViewController.swift */,
				BFC285BD27C36602003C4ADA /* Assets.xcassets */,
				BFC285BF27C36602003C4ADA /* LaunchScreen.storyboard */,
				BFC285C227C36602003C4ADA /* Info.plist */,
			);
			path = Sample;
			sourceTree = "<group>";
		};
		BFC285CA27C36602003C4ADA /* SampleTests */ = {
			isa = PBXGroup;
			children = (
				BFC285CB27C36603003C4ADA /* SampleTests.swift */,
			);
			path = SampleTests;
			sourceTree = "<group>";
		};
		BFC285D427C36603003C4ADA /* SampleUITests */ = {
			isa = PBXGroup;
			children = (
				BFC285D527C36603003C4ADA /* SampleUITests.swift */,
				BFC285D727C36603003C4ADA /* SampleUITestsLaunchTests.swift */,
			);
			path = SampleUITests;
			sourceTree = "<group>";
		};
		BFC285E227C36952003C4ADA /* Frameworks */ = {
			isa = PBXGroup;
			children = (
			);
			name = Frameworks;
			sourceTree = "<group>";
		};
		OBJ_10 /* Tests */ = {
			isa = PBXGroup;
			children = (
				OBJ_11 /* ThothTests */,
			);
			name = Tests;
			sourceTree = SOURCE_ROOT;
		};
		OBJ_11 /* ThothTests */ = {
			isa = PBXGroup;
			children = (
				OBJ_12 /* ThothTests.swift */,
			);
			name = ThothTests;
			path = Tests/ThothTests;
			sourceTree = SOURCE_ROOT;
		};
		OBJ_13 /* Products */ = {
			isa = PBXGroup;
			children = (
				"Thoth::Thoth::Product" /* Thoth.framework */,
				"Thoth::ThothTests::Product" /* ThothTests.xctest */,
				BFC285B227C36600003C4ADA /* Sample.app */,
				BFC285C727C36602003C4ADA /* SampleTests.xctest */,
				BFC285D127C36603003C4ADA /* SampleUITests.xctest */,
			);
			name = Products;
			sourceTree = BUILT_PRODUCTS_DIR;
		};
		OBJ_5 = {
			isa = PBXGroup;
			children = (
				OBJ_6 /* Package.swift */,
				OBJ_7 /* Sources */,
				OBJ_10 /* Tests */,
				BFC285B327C36600003C4ADA /* Sample */,
				BFC285CA27C36602003C4ADA /* SampleTests */,
				BFC285D427C36603003C4ADA /* SampleUITests */,
				OBJ_13 /* Products */,
				OBJ_16 /* README.md */,
				BFC285E227C36952003C4ADA /* Frameworks */,
			);
			sourceTree = "<group>";
		};
		OBJ_7 /* Sources */ = {
			isa = PBXGroup;
			children = (
				OBJ_8 /* Thoth */,
			);
			name = Sources;
			sourceTree = SOURCE_ROOT;
		};
		OBJ_8 /* Thoth */ = {
			isa = PBXGroup;
			children = (
				OBJ_9 /* Thoth.swift */,
				39F57E102799C0940060FC1D /* PaddedLabel.swift */,
				BF78A89427BCA7A00083AEC8 /* PersistenceManager.swift */,
				BF90099427C604A5005C7A7B /* ScrollStackView.swift */,
				BFC285E827C37118003C4ADA /* TrackControlEvent.swift */,
				BF90099627C605AE005C7A7B /* extensions */,
			);
			name = Thoth;
			path = Sources/Thoth;
			sourceTree = SOURCE_ROOT;
		};
/* End PBXGroup section */

/* Begin PBXNativeTarget section */
		BFC285B127C36600003C4ADA /* Sample */ = {
			isa = PBXNativeTarget;
			buildConfigurationList = BFC285DF27C36603003C4ADA /* Build configuration list for PBXNativeTarget "Sample" */;
			buildPhases = (
				BFC285AE27C36600003C4ADA /* Sources */,
				BFC285AF27C36600003C4ADA /* Frameworks */,
				BFC285B027C36600003C4ADA /* Resources */,
				BFC285E727C36952003C4ADA /* Embed Frameworks */,
			);
			buildRules = (
			);
			dependencies = (
				BFC285E627C36952003C4ADA /* PBXTargetDependency */,
			);
			name = Sample;
			productName = Sample;
			productReference = BFC285B227C36600003C4ADA /* Sample.app */;
			productType = "com.apple.product-type.application";
		};
		BFC285C627C36602003C4ADA /* SampleTests */ = {
			isa = PBXNativeTarget;
			buildConfigurationList = BFC285E027C36603003C4ADA /* Build configuration list for PBXNativeTarget "SampleTests" */;
			buildPhases = (
				BFC285C327C36602003C4ADA /* Sources */,
				BFC285C427C36602003C4ADA /* Frameworks */,
				BFC285C527C36602003C4ADA /* Resources */,
			);
			buildRules = (
			);
			dependencies = (
				BFC285C927C36602003C4ADA /* PBXTargetDependency */,
			);
			name = SampleTests;
			productName = SampleTests;
			productReference = BFC285C727C36602003C4ADA /* SampleTests.xctest */;
			productType = "com.apple.product-type.bundle.unit-test";
		};
		BFC285D027C36603003C4ADA /* SampleUITests */ = {
			isa = PBXNativeTarget;
			buildConfigurationList = BFC285E127C36603003C4ADA /* Build configuration list for PBXNativeTarget "SampleUITests" */;
			buildPhases = (
				BFC285CD27C36603003C4ADA /* Sources */,
				BFC285CE27C36603003C4ADA /* Frameworks */,
				BFC285CF27C36603003C4ADA /* Resources */,
			);
			buildRules = (
			);
			dependencies = (
				BFC285D327C36603003C4ADA /* PBXTargetDependency */,
			);
			name = SampleUITests;
			productName = SampleUITests;
			productReference = BFC285D127C36603003C4ADA /* SampleUITests.xctest */;
			productType = "com.apple.product-type.bundle.ui-testing";
		};
		"Thoth::SwiftPMPackageDescription" /* ThothPackageDescription */ = {
			isa = PBXNativeTarget;
			buildConfigurationList = OBJ_25 /* Build configuration list for PBXNativeTarget "ThothPackageDescription" */;
			buildPhases = (
				OBJ_28 /* Sources */,
			);
			buildRules = (
			);
			dependencies = (
			);
			name = ThothPackageDescription;
			productName = ThothPackageDescription;
			productType = "com.apple.product-type.framework";
		};
		"Thoth::Thoth" /* Thoth */ = {
			isa = PBXNativeTarget;
			buildConfigurationList = OBJ_18 /* Build configuration list for PBXNativeTarget "Thoth" */;
			buildPhases = (
				OBJ_21 /* Sources */,
				OBJ_23 /* Frameworks */,
			);
			buildRules = (
			);
			dependencies = (
			);
			name = Thoth;
			productName = Thoth;
			productReference = "Thoth::Thoth::Product" /* Thoth.framework */;
			productType = "com.apple.product-type.framework";
		};
		"Thoth::ThothTests" /* ThothTests */ = {
			isa = PBXNativeTarget;
			buildConfigurationList = OBJ_36 /* Build configuration list for PBXNativeTarget "ThothTests" */;
			buildPhases = (
				OBJ_39 /* Sources */,
				OBJ_41 /* Frameworks */,
			);
			buildRules = (
			);
			dependencies = (
				OBJ_43 /* PBXTargetDependency */,
			);
			name = ThothTests;
			productName = ThothTests;
			productReference = "Thoth::ThothTests::Product" /* ThothTests.xctest */;
			productType = "com.apple.product-type.bundle.unit-test";
		};
/* End PBXNativeTarget section */

/* Begin PBXProject section */
		OBJ_1 /* Project object */ = {
			isa = PBXProject;
			attributes = {
				LastSwiftMigration = 9999;
				LastSwiftUpdateCheck = 1320;
				LastUpgradeCheck = 9999;
				TargetAttributes = {
					BFC285B127C36600003C4ADA = {
						CreatedOnToolsVersion = 13.2.1;
						ProvisioningStyle = Automatic;
					};
					BFC285C627C36602003C4ADA = {
						CreatedOnToolsVersion = 13.2.1;
						ProvisioningStyle = Automatic;
						TestTargetID = BFC285B127C36600003C4ADA;
					};
					BFC285D027C36603003C4ADA = {
						CreatedOnToolsVersion = 13.2.1;
						ProvisioningStyle = Automatic;
						TestTargetID = BFC285B127C36600003C4ADA;
					};
				};
			};
			buildConfigurationList = OBJ_2 /* Build configuration list for PBXProject "Thoth" */;
			compatibilityVersion = "Xcode 3.2";
			developmentRegion = en;
			hasScannedForEncodings = 0;
			knownRegions = (
				en,
				Base,
			);
			mainGroup = OBJ_5;
			productRefGroup = OBJ_13 /* Products */;
			projectDirPath = "";
			projectRoot = "";
			targets = (
				"Thoth::Thoth" /* Thoth */,
				"Thoth::SwiftPMPackageDescription" /* ThothPackageDescription */,
				"Thoth::ThothPackageTests::ProductTarget" /* ThothPackageTests */,
				"Thoth::ThothTests" /* ThothTests */,
				BFC285B127C36600003C4ADA /* Sample */,
				BFC285C627C36602003C4ADA /* SampleTests */,
				BFC285D027C36603003C4ADA /* SampleUITests */,
			);
		};
/* End PBXProject section */

/* Begin PBXResourcesBuildPhase section */
		BFC285B027C36600003C4ADA /* Resources */ = {
			isa = PBXResourcesBuildPhase;
			buildActionMask = 2147483647;
			files = (
				BFC285C127C36602003C4ADA /* LaunchScreen.storyboard in Resources */,
				BFC285BE27C36602003C4ADA /* Assets.xcassets in Resources */,
			);
			runOnlyForDeploymentPostprocessing = 0;
		};
		BFC285C527C36602003C4ADA /* Resources */ = {
			isa = PBXResourcesBuildPhase;
			buildActionMask = 2147483647;
			files = (
			);
			runOnlyForDeploymentPostprocessing = 0;
		};
		BFC285CF27C36603003C4ADA /* Resources */ = {
			isa = PBXResourcesBuildPhase;
			buildActionMask = 2147483647;
			files = (
			);
			runOnlyForDeploymentPostprocessing = 0;
		};
/* End PBXResourcesBuildPhase section */

/* Begin PBXSourcesBuildPhase section */
		BFC285AE27C36600003C4ADA /* Sources */ = {
			isa = PBXSourcesBuildPhase;
			buildActionMask = 2147483647;
			files = (
				BFC285B927C36600003C4ADA /* ViewController.swift in Sources */,
				BFC285B527C36600003C4ADA /* AppDelegate.swift in Sources */,
				BFC285B727C36600003C4ADA /* SceneDelegate.swift in Sources */,
			);
			runOnlyForDeploymentPostprocessing = 0;
		};
		BFC285C327C36602003C4ADA /* Sources */ = {
			isa = PBXSourcesBuildPhase;
			buildActionMask = 2147483647;
			files = (
				BFC285CC27C36603003C4ADA /* SampleTests.swift in Sources */,
			);
			runOnlyForDeploymentPostprocessing = 0;
		};
		BFC285CD27C36603003C4ADA /* Sources */ = {
			isa = PBXSourcesBuildPhase;
			buildActionMask = 2147483647;
			files = (
				BFC285D827C36603003C4ADA /* SampleUITestsLaunchTests.swift in Sources */,
				BFC285D627C36603003C4ADA /* SampleUITests.swift in Sources */,
			);
			runOnlyForDeploymentPostprocessing = 0;
		};
		OBJ_21 /* Sources */ = {
			isa = PBXSourcesBuildPhase;
			buildActionMask = 0;
			files = (
				BFF71A7A27716B1100FF352F /* Thoth+UIViewController.swift in Sources */,
				BFF71A9E2771802D00FF352F /* Thoth+WKWebView.swift in Sources */,
				BFF71A962771784900FF352F /* Thoth+UIColor.swift in Sources */,
				BFF71A7E27716E2100FF352F /* Thoth+UIImage.swift in Sources */,
				BFC285E927C37118003C4ADA /* TrackControlEvent.swift in Sources */,
				BFF71A7627707FEA00FF352F /* Thoth+NSMutableAttributedString.swift in Sources */,
				BFF71A8E2771755B00FF352F /* Thoth+UIStackView.swift in Sources */,
				BFF71AA2277181C400FF352F /* Thoth+UIApplication.swift in Sources */,
				BFF71A9C27717E0B00FF352F /* Thoth+Date.swift in Sources */,
				39F57E112799C0940060FC1D /* PaddedLabel.swift in Sources */,
				BFF71A86277172C100FF352F /* Thoth+UIWindow.swift in Sources */,
				BF78A89727BCA8370083AEC8 /* Thoth+Loopable.swift in Sources */,
				BFF71AA62771825000FF352F /* Thoth+UITableViewCell.swift in Sources */,
				BFF71AA02771817900FF352F /* Thoth+UINavigationBar.swift in Sources */,
				BFF5C27C277ED48400D5260F /* Thoth+IndexPath.swift in Sources */,
				BFF71A8027716FB400FF352F /* Thoth+UIButton.swift in Sources */,
				BFF5C27A277ECB2C00D5260F /* Thoth+UITableView.swift in Sources */,
				BF78A89527BCA7A00083AEC8 /* PersistenceManager.swift in Sources */,
				BFF71A88277173FD00FF352F /* Thoth+Array.swift in Sources */,
				BFF71A9A27717AC800FF352F /* Thoth+String.swift in Sources */,
				BFF71AAC2771835900FF352F /* Thoth+UIFont.swift in Sources */,
				BFF71A782770824000FF352F /* Thoth+UIAlertController.swift in Sources */,
				BFF71A8C2771745800FF352F /* Thoth+Time.swift in Sources */,
				BFF71A8A2771743C00FF352F /* Thoth+Collection.swift in Sources */,
				BFF71A822771709800FF352F /* Thoth+UIScreen.swift in Sources */,
				BFF71A90277175F300FF352F /* Thoth+Int.swift in Sources */,
				BF90099527C604A5005C7A7B /* ScrollStackView.swift in Sources */,
				BFF71A9827717A7F00FF352F /* Thoth+URL.swift in Sources */,
				BFF71AAA2771832800FF352F /* Thoth+UIEdgeInsets.swift in Sources */,
				BFF71A94277176E600FF352F /* Thoth+Dictionary.swift in Sources */,
				BFF71A7027706B4600FF352F /* (null) in Sources */,
				BFF71AA8277182C200FF352F /* Thoth+PHAsset.swift in Sources */,
				BFB7C0AD277996FD005778B0 /* Thoth+NSObject.swift in Sources */,
				BFF71A922771766500FF352F /* Thoth+CALayer.swift in Sources */,
				OBJ_22 /* Thoth.swift in Sources */,
				BFF71A7227706BFD00FF352F /* Thoth+CGSize.swift in Sources */,
				BFF71A842771716400FF352F /* Thoth+Debug.swift in Sources */,
				BFF71AA42771821500FF352F /* Thoth+UITextView.swift in Sources */,
				BFF71A7C27716B7200FF352F /* Thoth+UITextField.swift in Sources */,
			);
			runOnlyForDeploymentPostprocessing = 0;
		};
		OBJ_28 /* Sources */ = {
			isa = PBXSourcesBuildPhase;
			buildActionMask = 0;
			files = (
				OBJ_29 /* Package.swift in Sources */,
			);
			runOnlyForDeploymentPostprocessing = 0;
		};
		OBJ_39 /* Sources */ = {
			isa = PBXSourcesBuildPhase;
			buildActionMask = 0;
			files = (
				OBJ_40 /* ThothTests.swift in Sources */,
			);
			runOnlyForDeploymentPostprocessing = 0;
		};
/* End PBXSourcesBuildPhase section */

/* Begin PBXTargetDependency section */
		BFC285C927C36602003C4ADA /* PBXTargetDependency */ = {
			isa = PBXTargetDependency;
			target = BFC285B127C36600003C4ADA /* Sample */;
			targetProxy = BFC285C827C36602003C4ADA /* PBXContainerItemProxy */;
		};
		BFC285D327C36603003C4ADA /* PBXTargetDependency */ = {
			isa = PBXTargetDependency;
			target = BFC285B127C36600003C4ADA /* Sample */;
			targetProxy = BFC285D227C36603003C4ADA /* PBXContainerItemProxy */;
		};
		BFC285E627C36952003C4ADA /* PBXTargetDependency */ = {
			isa = PBXTargetDependency;
			target = "Thoth::Thoth" /* Thoth */;
			targetProxy = BFC285E527C36952003C4ADA /* PBXContainerItemProxy */;
		};
		OBJ_34 /* PBXTargetDependency */ = {
			isa = PBXTargetDependency;
			target = "Thoth::ThothTests" /* ThothTests */;
			targetProxy = BFF71A6E27706A9400FF352F /* PBXContainerItemProxy */;
		};
		OBJ_43 /* PBXTargetDependency */ = {
			isa = PBXTargetDependency;
			target = "Thoth::Thoth" /* Thoth */;
			targetProxy = BFF71A6D27706A9300FF352F /* PBXContainerItemProxy */;
		};
/* End PBXTargetDependency section */

/* Begin PBXVariantGroup section */
		BFC285BF27C36602003C4ADA /* LaunchScreen.storyboard */ = {
			isa = PBXVariantGroup;
			children = (
				BFC285C027C36602003C4ADA /* Base */,
			);
			name = LaunchScreen.storyboard;
			sourceTree = "<group>";
		};
/* End PBXVariantGroup section */

/* Begin XCBuildConfiguration section */
		BFC285D927C36603003C4ADA /* Debug */ = {
			isa = XCBuildConfiguration;
			buildSettings = {
				ALWAYS_SEARCH_USER_PATHS = NO;
				ASSETCATALOG_COMPILER_APPICON_NAME = AppIcon;
				ASSETCATALOG_COMPILER_GLOBAL_ACCENT_COLOR_NAME = AccentColor;
				CLANG_ANALYZER_NONNULL = YES;
				CLANG_ANALYZER_NUMBER_OBJECT_CONVERSION = YES_AGGRESSIVE;
				CLANG_CXX_LANGUAGE_STANDARD = "gnu++17";
				CLANG_CXX_LIBRARY = "libc++";
				CLANG_ENABLE_MODULES = YES;
				CLANG_ENABLE_OBJC_WEAK = YES;
				CLANG_WARN_BLOCK_CAPTURE_AUTORELEASING = YES;
				CLANG_WARN_BOOL_CONVERSION = YES;
				CLANG_WARN_COMMA = YES;
				CLANG_WARN_CONSTANT_CONVERSION = YES;
				CLANG_WARN_DEPRECATED_OBJC_IMPLEMENTATIONS = YES;
				CLANG_WARN_DIRECT_OBJC_ISA_USAGE = YES_ERROR;
				CLANG_WARN_DOCUMENTATION_COMMENTS = YES;
				CLANG_WARN_EMPTY_BODY = YES;
				CLANG_WARN_ENUM_CONVERSION = YES;
				CLANG_WARN_INFINITE_RECURSION = YES;
				CLANG_WARN_INT_CONVERSION = YES;
				CLANG_WARN_NON_LITERAL_NULL_CONVERSION = YES;
				CLANG_WARN_OBJC_IMPLICIT_RETAIN_SELF = YES;
				CLANG_WARN_OBJC_LITERAL_CONVERSION = YES;
				CLANG_WARN_OBJC_ROOT_CLASS = YES_ERROR;
				CLANG_WARN_QUOTED_INCLUDE_IN_FRAMEWORK_HEADER = YES;
				CLANG_WARN_RANGE_LOOP_ANALYSIS = YES;
				CLANG_WARN_STRICT_PROTOTYPES = YES;
				CLANG_WARN_SUSPICIOUS_MOVE = YES;
				CLANG_WARN_UNGUARDED_AVAILABILITY = YES_AGGRESSIVE;
				CLANG_WARN_UNREACHABLE_CODE = YES;
				CLANG_WARN__DUPLICATE_METHOD_MATCH = YES;
				CODE_SIGN_STYLE = Automatic;
				CURRENT_PROJECT_VERSION = 1;
				ENABLE_STRICT_OBJC_MSGSEND = YES;
				ENABLE_TESTABILITY = YES;
				GCC_C_LANGUAGE_STANDARD = gnu11;
				GCC_DYNAMIC_NO_PIC = NO;
				GCC_NO_COMMON_BLOCKS = YES;
				GCC_PREPROCESSOR_DEFINITIONS = (
					"DEBUG=1",
					"$(inherited)",
				);
				GCC_WARN_64_TO_32_BIT_CONVERSION = YES;
				GCC_WARN_ABOUT_RETURN_TYPE = YES_ERROR;
				GCC_WARN_UNDECLARED_SELECTOR = YES;
				GCC_WARN_UNINITIALIZED_AUTOS = YES_AGGRESSIVE;
				GCC_WARN_UNUSED_FUNCTION = YES;
				GCC_WARN_UNUSED_VARIABLE = YES;
				GENERATE_INFOPLIST_FILE = YES;
				INFOPLIST_FILE = Sample/Info.plist;
				INFOPLIST_KEY_UIApplicationSupportsIndirectInputEvents = YES;
				INFOPLIST_KEY_UILaunchStoryboardName = LaunchScreen;
				INFOPLIST_KEY_UISupportedInterfaceOrientations_iPad = "UIInterfaceOrientationPortrait UIInterfaceOrientationPortraitUpsideDown UIInterfaceOrientationLandscapeLeft UIInterfaceOrientationLandscapeRight";
				INFOPLIST_KEY_UISupportedInterfaceOrientations_iPhone = "UIInterfaceOrientationPortrait UIInterfaceOrientationLandscapeLeft UIInterfaceOrientationLandscapeRight";
				IPHONEOS_DEPLOYMENT_TARGET = 15.2;
				LD_RUNPATH_SEARCH_PATHS = "$(inherited) @executable_path/Frameworks";
				MARKETING_VERSION = 1.0;
				MTL_ENABLE_DEBUG_INFO = INCLUDE_SOURCE;
				MTL_FAST_MATH = YES;
				PRODUCT_BUNDLE_IDENTIFIER = com.sample.Sample;
				PRODUCT_NAME = "$(TARGET_NAME)";
				SDKROOT = iphoneos;
				SUPPORTS_MACCATALYST = NO;
				SWIFT_ACTIVE_COMPILATION_CONDITIONS = DEBUG;
				SWIFT_EMIT_LOC_STRINGS = YES;
				SWIFT_VERSION = 5.0;
				TARGETED_DEVICE_FAMILY = "1,2";
			};
			name = Debug;
		};
		BFC285DA27C36603003C4ADA /* Release */ = {
			isa = XCBuildConfiguration;
			buildSettings = {
				ALWAYS_SEARCH_USER_PATHS = NO;
				ASSETCATALOG_COMPILER_APPICON_NAME = AppIcon;
				ASSETCATALOG_COMPILER_GLOBAL_ACCENT_COLOR_NAME = AccentColor;
				CLANG_ANALYZER_NONNULL = YES;
				CLANG_ANALYZER_NUMBER_OBJECT_CONVERSION = YES_AGGRESSIVE;
				CLANG_CXX_LANGUAGE_STANDARD = "gnu++17";
				CLANG_CXX_LIBRARY = "libc++";
				CLANG_ENABLE_MODULES = YES;
				CLANG_ENABLE_OBJC_WEAK = YES;
				CLANG_WARN_BLOCK_CAPTURE_AUTORELEASING = YES;
				CLANG_WARN_BOOL_CONVERSION = YES;
				CLANG_WARN_COMMA = YES;
				CLANG_WARN_CONSTANT_CONVERSION = YES;
				CLANG_WARN_DEPRECATED_OBJC_IMPLEMENTATIONS = YES;
				CLANG_WARN_DIRECT_OBJC_ISA_USAGE = YES_ERROR;
				CLANG_WARN_DOCUMENTATION_COMMENTS = YES;
				CLANG_WARN_EMPTY_BODY = YES;
				CLANG_WARN_ENUM_CONVERSION = YES;
				CLANG_WARN_INFINITE_RECURSION = YES;
				CLANG_WARN_INT_CONVERSION = YES;
				CLANG_WARN_NON_LITERAL_NULL_CONVERSION = YES;
				CLANG_WARN_OBJC_IMPLICIT_RETAIN_SELF = YES;
				CLANG_WARN_OBJC_LITERAL_CONVERSION = YES;
				CLANG_WARN_OBJC_ROOT_CLASS = YES_ERROR;
				CLANG_WARN_QUOTED_INCLUDE_IN_FRAMEWORK_HEADER = YES;
				CLANG_WARN_RANGE_LOOP_ANALYSIS = YES;
				CLANG_WARN_STRICT_PROTOTYPES = YES;
				CLANG_WARN_SUSPICIOUS_MOVE = YES;
				CLANG_WARN_UNGUARDED_AVAILABILITY = YES_AGGRESSIVE;
				CLANG_WARN_UNREACHABLE_CODE = YES;
				CLANG_WARN__DUPLICATE_METHOD_MATCH = YES;
				CODE_SIGN_STYLE = Automatic;
				COPY_PHASE_STRIP = NO;
				CURRENT_PROJECT_VERSION = 1;
				ENABLE_NS_ASSERTIONS = NO;
				ENABLE_STRICT_OBJC_MSGSEND = YES;
				GCC_C_LANGUAGE_STANDARD = gnu11;
				GCC_NO_COMMON_BLOCKS = YES;
				GCC_WARN_64_TO_32_BIT_CONVERSION = YES;
				GCC_WARN_ABOUT_RETURN_TYPE = YES_ERROR;
				GCC_WARN_UNDECLARED_SELECTOR = YES;
				GCC_WARN_UNINITIALIZED_AUTOS = YES_AGGRESSIVE;
				GCC_WARN_UNUSED_FUNCTION = YES;
				GCC_WARN_UNUSED_VARIABLE = YES;
				GENERATE_INFOPLIST_FILE = YES;
				INFOPLIST_FILE = Sample/Info.plist;
				INFOPLIST_KEY_UIApplicationSupportsIndirectInputEvents = YES;
				INFOPLIST_KEY_UILaunchStoryboardName = LaunchScreen;
				INFOPLIST_KEY_UISupportedInterfaceOrientations_iPad = "UIInterfaceOrientationPortrait UIInterfaceOrientationPortraitUpsideDown UIInterfaceOrientationLandscapeLeft UIInterfaceOrientationLandscapeRight";
				INFOPLIST_KEY_UISupportedInterfaceOrientations_iPhone = "UIInterfaceOrientationPortrait UIInterfaceOrientationLandscapeLeft UIInterfaceOrientationLandscapeRight";
				IPHONEOS_DEPLOYMENT_TARGET = 15.2;
				LD_RUNPATH_SEARCH_PATHS = "$(inherited) @executable_path/Frameworks";
				MARKETING_VERSION = 1.0;
				MTL_ENABLE_DEBUG_INFO = NO;
				MTL_FAST_MATH = YES;
				PRODUCT_BUNDLE_IDENTIFIER = com.sample.Sample;
				PRODUCT_NAME = "$(TARGET_NAME)";
				SDKROOT = iphoneos;
				SUPPORTS_MACCATALYST = NO;
				SWIFT_EMIT_LOC_STRINGS = YES;
				SWIFT_VERSION = 5.0;
				TARGETED_DEVICE_FAMILY = "1,2";
				VALIDATE_PRODUCT = YES;
			};
			name = Release;
		};
		BFC285DB27C36603003C4ADA /* Debug */ = {
			isa = XCBuildConfiguration;
			buildSettings = {
				ALWAYS_EMBED_SWIFT_STANDARD_LIBRARIES = YES;
				ALWAYS_SEARCH_USER_PATHS = NO;
				BUNDLE_LOADER = "$(TEST_HOST)";
				CLANG_ANALYZER_NONNULL = YES;
				CLANG_ANALYZER_NUMBER_OBJECT_CONVERSION = YES_AGGRESSIVE;
				CLANG_CXX_LANGUAGE_STANDARD = "gnu++17";
				CLANG_CXX_LIBRARY = "libc++";
				CLANG_ENABLE_MODULES = YES;
				CLANG_ENABLE_OBJC_WEAK = YES;
				CLANG_WARN_BLOCK_CAPTURE_AUTORELEASING = YES;
				CLANG_WARN_BOOL_CONVERSION = YES;
				CLANG_WARN_COMMA = YES;
				CLANG_WARN_CONSTANT_CONVERSION = YES;
				CLANG_WARN_DEPRECATED_OBJC_IMPLEMENTATIONS = YES;
				CLANG_WARN_DIRECT_OBJC_ISA_USAGE = YES_ERROR;
				CLANG_WARN_DOCUMENTATION_COMMENTS = YES;
				CLANG_WARN_EMPTY_BODY = YES;
				CLANG_WARN_ENUM_CONVERSION = YES;
				CLANG_WARN_INFINITE_RECURSION = YES;
				CLANG_WARN_INT_CONVERSION = YES;
				CLANG_WARN_NON_LITERAL_NULL_CONVERSION = YES;
				CLANG_WARN_OBJC_IMPLICIT_RETAIN_SELF = YES;
				CLANG_WARN_OBJC_LITERAL_CONVERSION = YES;
				CLANG_WARN_OBJC_ROOT_CLASS = YES_ERROR;
				CLANG_WARN_QUOTED_INCLUDE_IN_FRAMEWORK_HEADER = YES;
				CLANG_WARN_RANGE_LOOP_ANALYSIS = YES;
				CLANG_WARN_STRICT_PROTOTYPES = YES;
				CLANG_WARN_SUSPICIOUS_MOVE = YES;
				CLANG_WARN_UNGUARDED_AVAILABILITY = YES_AGGRESSIVE;
				CLANG_WARN_UNREACHABLE_CODE = YES;
				CLANG_WARN__DUPLICATE_METHOD_MATCH = YES;
				CODE_SIGN_STYLE = Automatic;
				CURRENT_PROJECT_VERSION = 1;
				ENABLE_STRICT_OBJC_MSGSEND = YES;
				ENABLE_TESTABILITY = YES;
				GCC_C_LANGUAGE_STANDARD = gnu11;
				GCC_DYNAMIC_NO_PIC = NO;
				GCC_NO_COMMON_BLOCKS = YES;
				GCC_PREPROCESSOR_DEFINITIONS = (
					"DEBUG=1",
					"$(inherited)",
				);
				GCC_WARN_64_TO_32_BIT_CONVERSION = YES;
				GCC_WARN_ABOUT_RETURN_TYPE = YES_ERROR;
				GCC_WARN_UNDECLARED_SELECTOR = YES;
				GCC_WARN_UNINITIALIZED_AUTOS = YES_AGGRESSIVE;
				GCC_WARN_UNUSED_FUNCTION = YES;
				GCC_WARN_UNUSED_VARIABLE = YES;
				GENERATE_INFOPLIST_FILE = YES;
				IPHONEOS_DEPLOYMENT_TARGET = 15.2;
				MARKETING_VERSION = 1.0;
				MTL_ENABLE_DEBUG_INFO = INCLUDE_SOURCE;
				MTL_FAST_MATH = YES;
				PRODUCT_BUNDLE_IDENTIFIER = com.sample.SampleTests;
				PRODUCT_NAME = "$(TARGET_NAME)";
				SDKROOT = iphoneos;
				SWIFT_ACTIVE_COMPILATION_CONDITIONS = DEBUG;
				SWIFT_EMIT_LOC_STRINGS = NO;
				SWIFT_VERSION = 5.0;
				TARGETED_DEVICE_FAMILY = "1,2";
				TEST_HOST = "$(BUILT_PRODUCTS_DIR)/Sample.app/Sample";
			};
			name = Debug;
		};
		BFC285DC27C36603003C4ADA /* Release */ = {
			isa = XCBuildConfiguration;
			buildSettings = {
				ALWAYS_EMBED_SWIFT_STANDARD_LIBRARIES = YES;
				ALWAYS_SEARCH_USER_PATHS = NO;
				BUNDLE_LOADER = "$(TEST_HOST)";
				CLANG_ANALYZER_NONNULL = YES;
				CLANG_ANALYZER_NUMBER_OBJECT_CONVERSION = YES_AGGRESSIVE;
				CLANG_CXX_LANGUAGE_STANDARD = "gnu++17";
				CLANG_CXX_LIBRARY = "libc++";
				CLANG_ENABLE_MODULES = YES;
				CLANG_ENABLE_OBJC_WEAK = YES;
				CLANG_WARN_BLOCK_CAPTURE_AUTORELEASING = YES;
				CLANG_WARN_BOOL_CONVERSION = YES;
				CLANG_WARN_COMMA = YES;
				CLANG_WARN_CONSTANT_CONVERSION = YES;
				CLANG_WARN_DEPRECATED_OBJC_IMPLEMENTATIONS = YES;
				CLANG_WARN_DIRECT_OBJC_ISA_USAGE = YES_ERROR;
				CLANG_WARN_DOCUMENTATION_COMMENTS = YES;
				CLANG_WARN_EMPTY_BODY = YES;
				CLANG_WARN_ENUM_CONVERSION = YES;
				CLANG_WARN_INFINITE_RECURSION = YES;
				CLANG_WARN_INT_CONVERSION = YES;
				CLANG_WARN_NON_LITERAL_NULL_CONVERSION = YES;
				CLANG_WARN_OBJC_IMPLICIT_RETAIN_SELF = YES;
				CLANG_WARN_OBJC_LITERAL_CONVERSION = YES;
				CLANG_WARN_OBJC_ROOT_CLASS = YES_ERROR;
				CLANG_WARN_QUOTED_INCLUDE_IN_FRAMEWORK_HEADER = YES;
				CLANG_WARN_RANGE_LOOP_ANALYSIS = YES;
				CLANG_WARN_STRICT_PROTOTYPES = YES;
				CLANG_WARN_SUSPICIOUS_MOVE = YES;
				CLANG_WARN_UNGUARDED_AVAILABILITY = YES_AGGRESSIVE;
				CLANG_WARN_UNREACHABLE_CODE = YES;
				CLANG_WARN__DUPLICATE_METHOD_MATCH = YES;
				CODE_SIGN_STYLE = Automatic;
				COPY_PHASE_STRIP = NO;
				CURRENT_PROJECT_VERSION = 1;
				ENABLE_NS_ASSERTIONS = NO;
				ENABLE_STRICT_OBJC_MSGSEND = YES;
				GCC_C_LANGUAGE_STANDARD = gnu11;
				GCC_NO_COMMON_BLOCKS = YES;
				GCC_WARN_64_TO_32_BIT_CONVERSION = YES;
				GCC_WARN_ABOUT_RETURN_TYPE = YES_ERROR;
				GCC_WARN_UNDECLARED_SELECTOR = YES;
				GCC_WARN_UNINITIALIZED_AUTOS = YES_AGGRESSIVE;
				GCC_WARN_UNUSED_FUNCTION = YES;
				GCC_WARN_UNUSED_VARIABLE = YES;
				GENERATE_INFOPLIST_FILE = YES;
				IPHONEOS_DEPLOYMENT_TARGET = 15.2;
				MARKETING_VERSION = 1.0;
				MTL_ENABLE_DEBUG_INFO = NO;
				MTL_FAST_MATH = YES;
				PRODUCT_BUNDLE_IDENTIFIER = com.sample.SampleTests;
				PRODUCT_NAME = "$(TARGET_NAME)";
				SDKROOT = iphoneos;
				SWIFT_EMIT_LOC_STRINGS = NO;
				SWIFT_VERSION = 5.0;
				TARGETED_DEVICE_FAMILY = "1,2";
				TEST_HOST = "$(BUILT_PRODUCTS_DIR)/Sample.app/Sample";
				VALIDATE_PRODUCT = YES;
			};
			name = Release;
		};
		BFC285DD27C36603003C4ADA /* Debug */ = {
			isa = XCBuildConfiguration;
			buildSettings = {
				ALWAYS_EMBED_SWIFT_STANDARD_LIBRARIES = YES;
				ALWAYS_SEARCH_USER_PATHS = NO;
				CLANG_ANALYZER_NONNULL = YES;
				CLANG_ANALYZER_NUMBER_OBJECT_CONVERSION = YES_AGGRESSIVE;
				CLANG_CXX_LANGUAGE_STANDARD = "gnu++17";
				CLANG_CXX_LIBRARY = "libc++";
				CLANG_ENABLE_MODULES = YES;
				CLANG_ENABLE_OBJC_WEAK = YES;
				CLANG_WARN_BLOCK_CAPTURE_AUTORELEASING = YES;
				CLANG_WARN_BOOL_CONVERSION = YES;
				CLANG_WARN_COMMA = YES;
				CLANG_WARN_CONSTANT_CONVERSION = YES;
				CLANG_WARN_DEPRECATED_OBJC_IMPLEMENTATIONS = YES;
				CLANG_WARN_DIRECT_OBJC_ISA_USAGE = YES_ERROR;
				CLANG_WARN_DOCUMENTATION_COMMENTS = YES;
				CLANG_WARN_EMPTY_BODY = YES;
				CLANG_WARN_ENUM_CONVERSION = YES;
				CLANG_WARN_INFINITE_RECURSION = YES;
				CLANG_WARN_INT_CONVERSION = YES;
				CLANG_WARN_NON_LITERAL_NULL_CONVERSION = YES;
				CLANG_WARN_OBJC_IMPLICIT_RETAIN_SELF = YES;
				CLANG_WARN_OBJC_LITERAL_CONVERSION = YES;
				CLANG_WARN_OBJC_ROOT_CLASS = YES_ERROR;
				CLANG_WARN_QUOTED_INCLUDE_IN_FRAMEWORK_HEADER = YES;
				CLANG_WARN_RANGE_LOOP_ANALYSIS = YES;
				CLANG_WARN_STRICT_PROTOTYPES = YES;
				CLANG_WARN_SUSPICIOUS_MOVE = YES;
				CLANG_WARN_UNGUARDED_AVAILABILITY = YES_AGGRESSIVE;
				CLANG_WARN_UNREACHABLE_CODE = YES;
				CLANG_WARN__DUPLICATE_METHOD_MATCH = YES;
				CODE_SIGN_STYLE = Automatic;
				CURRENT_PROJECT_VERSION = 1;
				ENABLE_STRICT_OBJC_MSGSEND = YES;
				ENABLE_TESTABILITY = YES;
				GCC_C_LANGUAGE_STANDARD = gnu11;
				GCC_DYNAMIC_NO_PIC = NO;
				GCC_NO_COMMON_BLOCKS = YES;
				GCC_PREPROCESSOR_DEFINITIONS = (
					"DEBUG=1",
					"$(inherited)",
				);
				GCC_WARN_64_TO_32_BIT_CONVERSION = YES;
				GCC_WARN_ABOUT_RETURN_TYPE = YES_ERROR;
				GCC_WARN_UNDECLARED_SELECTOR = YES;
				GCC_WARN_UNINITIALIZED_AUTOS = YES_AGGRESSIVE;
				GCC_WARN_UNUSED_FUNCTION = YES;
				GCC_WARN_UNUSED_VARIABLE = YES;
				GENERATE_INFOPLIST_FILE = YES;
				IPHONEOS_DEPLOYMENT_TARGET = 15.2;
				MARKETING_VERSION = 1.0;
				MTL_ENABLE_DEBUG_INFO = INCLUDE_SOURCE;
				MTL_FAST_MATH = YES;
				PRODUCT_BUNDLE_IDENTIFIER = com.sample.SampleUITests;
				PRODUCT_NAME = "$(TARGET_NAME)";
				SDKROOT = iphoneos;
				SWIFT_ACTIVE_COMPILATION_CONDITIONS = DEBUG;
				SWIFT_EMIT_LOC_STRINGS = NO;
				SWIFT_VERSION = 5.0;
				TARGETED_DEVICE_FAMILY = "1,2";
				TEST_TARGET_NAME = Sample;
			};
			name = Debug;
		};
		BFC285DE27C36603003C4ADA /* Release */ = {
			isa = XCBuildConfiguration;
			buildSettings = {
				ALWAYS_EMBED_SWIFT_STANDARD_LIBRARIES = YES;
				ALWAYS_SEARCH_USER_PATHS = NO;
				CLANG_ANALYZER_NONNULL = YES;
				CLANG_ANALYZER_NUMBER_OBJECT_CONVERSION = YES_AGGRESSIVE;
				CLANG_CXX_LANGUAGE_STANDARD = "gnu++17";
				CLANG_CXX_LIBRARY = "libc++";
				CLANG_ENABLE_MODULES = YES;
				CLANG_ENABLE_OBJC_WEAK = YES;
				CLANG_WARN_BLOCK_CAPTURE_AUTORELEASING = YES;
				CLANG_WARN_BOOL_CONVERSION = YES;
				CLANG_WARN_COMMA = YES;
				CLANG_WARN_CONSTANT_CONVERSION = YES;
				CLANG_WARN_DEPRECATED_OBJC_IMPLEMENTATIONS = YES;
				CLANG_WARN_DIRECT_OBJC_ISA_USAGE = YES_ERROR;
				CLANG_WARN_DOCUMENTATION_COMMENTS = YES;
				CLANG_WARN_EMPTY_BODY = YES;
				CLANG_WARN_ENUM_CONVERSION = YES;
				CLANG_WARN_INFINITE_RECURSION = YES;
				CLANG_WARN_INT_CONVERSION = YES;
				CLANG_WARN_NON_LITERAL_NULL_CONVERSION = YES;
				CLANG_WARN_OBJC_IMPLICIT_RETAIN_SELF = YES;
				CLANG_WARN_OBJC_LITERAL_CONVERSION = YES;
				CLANG_WARN_OBJC_ROOT_CLASS = YES_ERROR;
				CLANG_WARN_QUOTED_INCLUDE_IN_FRAMEWORK_HEADER = YES;
				CLANG_WARN_RANGE_LOOP_ANALYSIS = YES;
				CLANG_WARN_STRICT_PROTOTYPES = YES;
				CLANG_WARN_SUSPICIOUS_MOVE = YES;
				CLANG_WARN_UNGUARDED_AVAILABILITY = YES_AGGRESSIVE;
				CLANG_WARN_UNREACHABLE_CODE = YES;
				CLANG_WARN__DUPLICATE_METHOD_MATCH = YES;
				CODE_SIGN_STYLE = Automatic;
				COPY_PHASE_STRIP = NO;
				CURRENT_PROJECT_VERSION = 1;
				ENABLE_NS_ASSERTIONS = NO;
				ENABLE_STRICT_OBJC_MSGSEND = YES;
				GCC_C_LANGUAGE_STANDARD = gnu11;
				GCC_NO_COMMON_BLOCKS = YES;
				GCC_WARN_64_TO_32_BIT_CONVERSION = YES;
				GCC_WARN_ABOUT_RETURN_TYPE = YES_ERROR;
				GCC_WARN_UNDECLARED_SELECTOR = YES;
				GCC_WARN_UNINITIALIZED_AUTOS = YES_AGGRESSIVE;
				GCC_WARN_UNUSED_FUNCTION = YES;
				GCC_WARN_UNUSED_VARIABLE = YES;
				GENERATE_INFOPLIST_FILE = YES;
				IPHONEOS_DEPLOYMENT_TARGET = 15.2;
				MARKETING_VERSION = 1.0;
				MTL_ENABLE_DEBUG_INFO = NO;
				MTL_FAST_MATH = YES;
				PRODUCT_BUNDLE_IDENTIFIER = com.sample.SampleUITests;
				PRODUCT_NAME = "$(TARGET_NAME)";
				SDKROOT = iphoneos;
				SWIFT_EMIT_LOC_STRINGS = NO;
				SWIFT_VERSION = 5.0;
				TARGETED_DEVICE_FAMILY = "1,2";
				TEST_TARGET_NAME = Sample;
				VALIDATE_PRODUCT = YES;
			};
			name = Release;
		};
		OBJ_19 /* Debug */ = {
			isa = XCBuildConfiguration;
			buildSettings = {
				CURRENT_PROJECT_VERSION = 1;
				DRIVERKIT_DEPLOYMENT_TARGET = 19.0;
				ENABLE_TESTABILITY = YES;
				FRAMEWORK_SEARCH_PATHS = (
					"$(inherited)",
					"$(PLATFORM_DIR)/Developer/Library/Frameworks",
				);
				HEADER_SEARCH_PATHS = "$(inherited)";
				INFOPLIST_FILE = Thoth.xcodeproj/Thoth_Info.plist;
				IPHONEOS_DEPLOYMENT_TARGET = 9.0;
				LD_RUNPATH_SEARCH_PATHS = "$(inherited) $(TOOLCHAIN_DIR)/usr/lib/swift/macosx";
				MACOSX_DEPLOYMENT_TARGET = 10.10;
				OTHER_CFLAGS = "$(inherited)";
				OTHER_LDFLAGS = "$(inherited)";
				OTHER_SWIFT_FLAGS = "$(inherited)";
				PRODUCT_BUNDLE_IDENTIFIER = Thoth;
				PRODUCT_MODULE_NAME = "$(TARGET_NAME:c99extidentifier)";
				PRODUCT_NAME = "$(TARGET_NAME:c99extidentifier)";
				SKIP_INSTALL = YES;
				SWIFT_ACTIVE_COMPILATION_CONDITIONS = "$(inherited)";
				SWIFT_VERSION = 5.0;
				TARGET_NAME = Thoth;
				TVOS_DEPLOYMENT_TARGET = 9.0;
				WATCHOS_DEPLOYMENT_TARGET = 2.0;
			};
			name = Debug;
		};
		OBJ_20 /* Release */ = {
			isa = XCBuildConfiguration;
			buildSettings = {
				CURRENT_PROJECT_VERSION = 1;
				DRIVERKIT_DEPLOYMENT_TARGET = 19.0;
				ENABLE_TESTABILITY = YES;
				FRAMEWORK_SEARCH_PATHS = (
					"$(inherited)",
					"$(PLATFORM_DIR)/Developer/Library/Frameworks",
				);
				HEADER_SEARCH_PATHS = "$(inherited)";
				INFOPLIST_FILE = Thoth.xcodeproj/Thoth_Info.plist;
				IPHONEOS_DEPLOYMENT_TARGET = 9.0;
				LD_RUNPATH_SEARCH_PATHS = "$(inherited) $(TOOLCHAIN_DIR)/usr/lib/swift/macosx";
				MACOSX_DEPLOYMENT_TARGET = 10.10;
				OTHER_CFLAGS = "$(inherited)";
				OTHER_LDFLAGS = "$(inherited)";
				OTHER_SWIFT_FLAGS = "$(inherited)";
				PRODUCT_BUNDLE_IDENTIFIER = Thoth;
				PRODUCT_MODULE_NAME = "$(TARGET_NAME:c99extidentifier)";
				PRODUCT_NAME = "$(TARGET_NAME:c99extidentifier)";
				SKIP_INSTALL = YES;
				SWIFT_ACTIVE_COMPILATION_CONDITIONS = "$(inherited)";
				SWIFT_VERSION = 5.0;
				TARGET_NAME = Thoth;
				TVOS_DEPLOYMENT_TARGET = 9.0;
				WATCHOS_DEPLOYMENT_TARGET = 2.0;
			};
			name = Release;
		};
		OBJ_26 /* Debug */ = {
			isa = XCBuildConfiguration;
			buildSettings = {
				LD = /usr/bin/true;
				OTHER_SWIFT_FLAGS = "-swift-version 5 -I $(TOOLCHAIN_DIR)/usr/lib/swift/pm/ManifestAPI -sdk /Applications/Xcode.app/Contents/Developer/Platforms/MacOSX.platform/Developer/SDKs/MacOSX12.0.sdk -package-description-version 5.5.0";
				SWIFT_VERSION = 5.0;
			};
			name = Debug;
		};
		OBJ_27 /* Release */ = {
			isa = XCBuildConfiguration;
			buildSettings = {
				LD = /usr/bin/true;
				OTHER_SWIFT_FLAGS = "-swift-version 5 -I $(TOOLCHAIN_DIR)/usr/lib/swift/pm/ManifestAPI -sdk /Applications/Xcode.app/Contents/Developer/Platforms/MacOSX.platform/Developer/SDKs/MacOSX12.0.sdk -package-description-version 5.5.0";
				SWIFT_VERSION = 5.0;
			};
			name = Release;
		};
		OBJ_3 /* Debug */ = {
			isa = XCBuildConfiguration;
			buildSettings = {
				CLANG_ENABLE_OBJC_ARC = YES;
				COMBINE_HIDPI_IMAGES = YES;
				COPY_PHASE_STRIP = NO;
				DEBUG_INFORMATION_FORMAT = dwarf;
				DYLIB_INSTALL_NAME_BASE = "@rpath";
				ENABLE_NS_ASSERTIONS = YES;
				GCC_OPTIMIZATION_LEVEL = 0;
				GCC_PREPROCESSOR_DEFINITIONS = (
					"$(inherited)",
					"SWIFT_PACKAGE=1",
					"DEBUG=1",
				);
				MACOSX_DEPLOYMENT_TARGET = 10.10;
				ONLY_ACTIVE_ARCH = YES;
				OTHER_SWIFT_FLAGS = "$(inherited) -DXcode";
				PRODUCT_NAME = "$(TARGET_NAME)";
				SDKROOT = macosx;
				SUPPORTED_PLATFORMS = "$(AVAILABLE_PLATFORMS)";
				SUPPORTS_MACCATALYST = YES;
				SWIFT_ACTIVE_COMPILATION_CONDITIONS = "$(inherited) SWIFT_PACKAGE DEBUG";
				SWIFT_OPTIMIZATION_LEVEL = "-Onone";
				USE_HEADERMAP = NO;
			};
			name = Debug;
		};
		OBJ_32 /* Debug */ = {
			isa = XCBuildConfiguration;
			buildSettings = {
			};
			name = Debug;
		};
		OBJ_33 /* Release */ = {
			isa = XCBuildConfiguration;
			buildSettings = {
			};
			name = Release;
		};
		OBJ_37 /* Debug */ = {
			isa = XCBuildConfiguration;
			buildSettings = {
				CLANG_ENABLE_MODULES = YES;
				CURRENT_PROJECT_VERSION = 1;
				DRIVERKIT_DEPLOYMENT_TARGET = 19.0;
				EMBEDDED_CONTENT_CONTAINS_SWIFT = YES;
				FRAMEWORK_SEARCH_PATHS = (
					"$(inherited)",
					"$(PLATFORM_DIR)/Developer/Library/Frameworks",
				);
				HEADER_SEARCH_PATHS = "$(inherited)";
				INFOPLIST_FILE = Thoth.xcodeproj/ThothTests_Info.plist;
				IPHONEOS_DEPLOYMENT_TARGET = 14.0;
				LD_RUNPATH_SEARCH_PATHS = "$(inherited) @loader_path/../Frameworks @loader_path/Frameworks";
				MACOSX_DEPLOYMENT_TARGET = 11.0;
				OTHER_CFLAGS = "$(inherited)";
				OTHER_LDFLAGS = "$(inherited)";
				OTHER_SWIFT_FLAGS = "$(inherited)";
				SWIFT_ACTIVE_COMPILATION_CONDITIONS = "$(inherited)";
				SWIFT_VERSION = 5.0;
				TARGET_NAME = ThothTests;
				TVOS_DEPLOYMENT_TARGET = 14.0;
				WATCHOS_DEPLOYMENT_TARGET = 7.0;
			};
			name = Debug;
		};
		OBJ_38 /* Release */ = {
			isa = XCBuildConfiguration;
			buildSettings = {
				CLANG_ENABLE_MODULES = YES;
				CURRENT_PROJECT_VERSION = 1;
				DRIVERKIT_DEPLOYMENT_TARGET = 19.0;
				EMBEDDED_CONTENT_CONTAINS_SWIFT = YES;
				FRAMEWORK_SEARCH_PATHS = (
					"$(inherited)",
					"$(PLATFORM_DIR)/Developer/Library/Frameworks",
				);
				HEADER_SEARCH_PATHS = "$(inherited)";
				INFOPLIST_FILE = Thoth.xcodeproj/ThothTests_Info.plist;
				IPHONEOS_DEPLOYMENT_TARGET = 14.0;
				LD_RUNPATH_SEARCH_PATHS = "$(inherited) @loader_path/../Frameworks @loader_path/Frameworks";
				MACOSX_DEPLOYMENT_TARGET = 11.0;
				OTHER_CFLAGS = "$(inherited)";
				OTHER_LDFLAGS = "$(inherited)";
				OTHER_SWIFT_FLAGS = "$(inherited)";
				SWIFT_ACTIVE_COMPILATION_CONDITIONS = "$(inherited)";
				SWIFT_VERSION = 5.0;
				TARGET_NAME = ThothTests;
				TVOS_DEPLOYMENT_TARGET = 14.0;
				WATCHOS_DEPLOYMENT_TARGET = 7.0;
			};
			name = Release;
		};
		OBJ_4 /* Release */ = {
			isa = XCBuildConfiguration;
			buildSettings = {
				CLANG_ENABLE_OBJC_ARC = YES;
				COMBINE_HIDPI_IMAGES = YES;
				COPY_PHASE_STRIP = YES;
				DEBUG_INFORMATION_FORMAT = "dwarf-with-dsym";
				DYLIB_INSTALL_NAME_BASE = "@rpath";
				GCC_OPTIMIZATION_LEVEL = s;
				GCC_PREPROCESSOR_DEFINITIONS = (
					"$(inherited)",
					"SWIFT_PACKAGE=1",
				);
				MACOSX_DEPLOYMENT_TARGET = 10.10;
				OTHER_SWIFT_FLAGS = "$(inherited) -DXcode";
				PRODUCT_NAME = "$(TARGET_NAME)";
				SDKROOT = macosx;
				SUPPORTED_PLATFORMS = "$(AVAILABLE_PLATFORMS)";
				SUPPORTS_MACCATALYST = YES;
				SWIFT_ACTIVE_COMPILATION_CONDITIONS = "$(inherited) SWIFT_PACKAGE";
				SWIFT_OPTIMIZATION_LEVEL = "-Owholemodule";
				USE_HEADERMAP = NO;
			};
			name = Release;
		};
/* End XCBuildConfiguration section */

/* Begin XCConfigurationList section */
		BFC285DF27C36603003C4ADA /* Build configuration list for PBXNativeTarget "Sample" */ = {
			isa = XCConfigurationList;
			buildConfigurations = (
				BFC285D927C36603003C4ADA /* Debug */,
				BFC285DA27C36603003C4ADA /* Release */,
			);
			defaultConfigurationIsVisible = 0;
			defaultConfigurationName = Release;
		};
		BFC285E027C36603003C4ADA /* Build configuration list for PBXNativeTarget "SampleTests" */ = {
			isa = XCConfigurationList;
			buildConfigurations = (
				BFC285DB27C36603003C4ADA /* Debug */,
				BFC285DC27C36603003C4ADA /* Release */,
			);
			defaultConfigurationIsVisible = 0;
			defaultConfigurationName = Release;
		};
		BFC285E127C36603003C4ADA /* Build configuration list for PBXNativeTarget "SampleUITests" */ = {
			isa = XCConfigurationList;
			buildConfigurations = (
				BFC285DD27C36603003C4ADA /* Debug */,
				BFC285DE27C36603003C4ADA /* Release */,
			);
			defaultConfigurationIsVisible = 0;
			defaultConfigurationName = Release;
		};
		OBJ_18 /* Build configuration list for PBXNativeTarget "Thoth" */ = {
			isa = XCConfigurationList;
			buildConfigurations = (
				OBJ_19 /* Debug */,
				OBJ_20 /* Release */,
			);
			defaultConfigurationIsVisible = 0;
			defaultConfigurationName = Release;
		};
		OBJ_2 /* Build configuration list for PBXProject "Thoth" */ = {
			isa = XCConfigurationList;
			buildConfigurations = (
				OBJ_3 /* Debug */,
				OBJ_4 /* Release */,
			);
			defaultConfigurationIsVisible = 0;
			defaultConfigurationName = Release;
		};
		OBJ_25 /* Build configuration list for PBXNativeTarget "ThothPackageDescription" */ = {
			isa = XCConfigurationList;
			buildConfigurations = (
				OBJ_26 /* Debug */,
				OBJ_27 /* Release */,
			);
			defaultConfigurationIsVisible = 0;
			defaultConfigurationName = Release;
		};
		OBJ_31 /* Build configuration list for PBXAggregateTarget "ThothPackageTests" */ = {
			isa = XCConfigurationList;
			buildConfigurations = (
				OBJ_32 /* Debug */,
				OBJ_33 /* Release */,
			);
			defaultConfigurationIsVisible = 0;
			defaultConfigurationName = Release;
		};
		OBJ_36 /* Build configuration list for PBXNativeTarget "ThothTests" */ = {
			isa = XCConfigurationList;
			buildConfigurations = (
				OBJ_37 /* Debug */,
				OBJ_38 /* Release */,
			);
			defaultConfigurationIsVisible = 0;
			defaultConfigurationName = Release;
		};
/* End XCConfigurationList section */
	};
	rootObject = OBJ_1 /* Project object */;
}
